
Microsoft Visual Studio Solution File, Format Version 12.00
# Visual Studio 15
VisualStudioVersion = 15.0.27004.2005
MinimumVisualStudioVersion = 10.0.40219.1
Project("{FAE04EC0-301F-11D3-BF4B-00C04F79EFBC}") = "BBBTeaSS.BLL", "BBBTeaSS.BLL\BBBTeaSS.BLL.csproj", "{FF6FC15B-E787-4555-97A5-E70FB37A21D6}"
EndProject
Project("{FAE04EC0-301F-11D3-BF4B-00C04F79EFBC}") = "BBBTeaSS.DAL", "BBBTeaSS.DAL\BBBTeaSS.DAL.csproj", "{1EF37913-48B7-4017-8A18-5EB1B3D0420F}"
EndProject
Project("{FAE04EC0-301F-11D3-BF4B-00C04F79EFBC}") = "BBBTeaSS.Model", "BBBTeaSS.Model\BBBTeaSS.Model.csproj", "{FB6AA272-7414-4AFE-9F22-FA20BB86A564}"
EndProject
Project("{FAE04EC0-301F-11D3-BF4B-00C04F79EFBC}") = "BBBTeaSS.Common", "BBBTeaSS.Common\BBBTeaSS.Common.csproj", "{B1EA1355-E4D3-4E81-AED2-3A13F067750B}"
EndProject
Project("{FAE04EC0-301F-11D3-BF4B-00C04F79EFBC}") = "BBBTeaSS.WebUI", "BBBTeaSS.WebUI\BBBTeaSS.WebUI.csproj", "{8C6A2603-8C0B-429B-9638-CF4C27BC32EA}"
EndProject
Project("{FAE04EC0-301F-11D3-BF4B-00C04F79EFBC}") = "BBBTeaSS.DALTests", "BBBTeaSS.DALTests\BBBTeaSS.DALTests.csproj", "{5EB1D134-7065-41AC-910C-F858AD814722}"
EndProject
Project("{FAE04EC0-301F-11D3-BF4B-00C04F79EFBC}") = "BBBTeaSS.WPFUI", "BBBTeaSS.WPFUI\BBBTeaSS.WPFUI.csproj", "{09C95584-AEEE-4C66-95C3-6CFCBE03AFCD}"
EndProject
Project("{FAE04EC0-301F-11D3-BF4B-00C04F79EFBC}") = "BBBTeaSS.BLLTests", "BBBTeaSS.BLLTests\BBBTeaSS.BLLTests.csproj", "{94A52604-AB8D-41A1-9793-81D7CD1C1B91}"
EndProject
Global
	GlobalSection(SolutionConfigurationPlatforms) = preSolution
		Debug|Any CPU = Debug|Any CPU
		Release|Any CPU = Release|Any CPU
	EndGlobalSection
	GlobalSection(ProjectConfigurationPlatforms) = postSolution
		{FF6FC15B-E787-4555-97A5-E70FB37A21D6}.Debug|Any CPU.ActiveCfg = Debug|Any CPU
		{FF6FC15B-E787-4555-97A5-E70FB37A21D6}.Debug|Any CPU.Build.0 = Debug|Any CPU
		{FF6FC15B-E787-4555-97A5-E70FB37A21D6}.Release|Any CPU.ActiveCfg = Release|Any CPU
		{FF6FC15B-E787-4555-97A5-E70FB37A21D6}.Release|Any CPU.Build.0 = Release|Any CPU
		{1EF37913-48B7-4017-8A18-5EB1B3D0420F}.Debug|Any CPU.ActiveCfg = Debug|Any CPU
		{1EF37913-48B7-4017-8A18-5EB1B3D0420F}.Debug|Any CPU.Build.0 = Debug|Any CPU
		{1EF37913-48B7-4017-8A18-5EB1B3D0420F}.Release|Any CPU.ActiveCfg = Release|Any CPU
		{1EF37913-48B7-4017-8A18-5EB1B3D0420F}.Release|Any CPU.Build.0 = Release|Any CPU
		{FB6AA272-7414-4AFE-9F22-FA20BB86A564}.Debug|Any CPU.ActiveCfg = Debug|Any CPU
		{FB6AA272-7414-4AFE-9F22-FA20BB86A564}.Debug|Any CPU.Build.0 = Debug|Any CPU
		{FB6AA272-7414-4AFE-9F22-FA20BB86A564}.Release|Any CPU.ActiveCfg = Release|Any CPU
		{FB6AA272-7414-4AFE-9F22-FA20BB86A564}.Release|Any CPU.Build.0 = Release|Any CPU
		{B1EA1355-E4D3-4E81-AED2-3A13F067750B}.Debug|Any CPU.ActiveCfg = Debug|Any CPU
		{B1EA1355-E4D3-4E81-AED2-3A13F067750B}.Debug|Any CPU.Build.0 = Debug|Any CPU
		{B1EA1355-E4D3-4E81-AED2-3A13F067750B}.Release|Any CPU.ActiveCfg = Release|Any CPU
		{B1EA1355-E4D3-4E81-AED2-3A13F067750B}.Release|Any CPU.Build.0 = Release|Any CPU
		{8C6A2603-8C0B-429B-9638-CF4C27BC32EA}.Debug|Any CPU.ActiveCfg = Debug|Any CPU
		{8C6A2603-8C0B-429B-9638-CF4C27BC32EA}.Debug|Any CPU.Build.0 = Debug|Any CPU
		{8C6A2603-8C0B-429B-9638-CF4C27BC32EA}.Release|Any CPU.ActiveCfg = Release|Any CPU
		{8C6A2603-8C0B-429B-9638-CF4C27BC32EA}.Release|Any CPU.Build.0 = Release|Any CPU
		{5EB1D134-7065-41AC-910C-F858AD814722}.Debug|Any CPU.ActiveCfg = Debug|Any CPU
		{5EB1D134-7065-41AC-910C-F858AD814722}.Debug|Any CPU.Build.0 = Debug|Any CPU
		{5EB1D134-7065-41AC-910C-F858AD814722}.Release|Any CPU.ActiveCfg = Release|Any CPU
		{5EB1D134-7065-41AC-910C-F858AD814722}.Release|Any CPU.Build.0 = Release|Any CPU
		{09C95584-AEEE-4C66-95C3-6CFCBE03AFCD}.Debug|Any CPU.ActiveCfg = Debug|Any CPU
		{09C95584-AEEE-4C66-95C3-6CFCBE03AFCD}.Debug|Any CPU.Build.0 = Debug|Any CPU
		{09C95584-AEEE-4C66-95C3-6CFCBE03AFCD}.Release|Any CPU.ActiveCfg = Release|Any CPU
		{09C95584-AEEE-4C66-95C3-6CFCBE03AFCD}.Release|Any CPU.Build.0 = Release|Any CPU
		{94A52604-AB8D-41A1-9793-81D7CD1C1B91}.Debug|Any CPU.ActiveCfg = Debug|Any CPU
		{94A52604-AB8D-41A1-9793-81D7CD1C1B91}.Debug|Any CPU.Build.0 = Debug|Any CPU
		{94A52604-AB8D-41A1-9793-81D7CD1C1B91}.Release|Any CPU.ActiveCfg = Release|Any CPU
		{94A52604-AB8D-41A1-9793-81D7CD1C1B91}.Release|Any CPU.Build.0 = Release|Any CPU
	EndGlobalSection
	GlobalSection(SolutionProperties) = preSolution
		HideSolutionNode = FALSE
	EndGlobalSection
	GlobalSection(ExtensibilityGlobals) = postSolution
		SolutionGuid = {A53C2B27-10B2-4938-89B1-E3620A2ED2F6}
	EndGlobalSection
EndGlobal
